
Microsoft Visual Studio Solution File, Format Version 12.00
# Visual Studio Version 16
VisualStudioVersion = 16.0.31702.278
MinimumVisualStudioVersion = 10.0.40219.1
Project("{FAE04EC0-301F-11D3-BF4B-00C04F79EFBC}") = "MVCBook", "MVCBook\MVCBook.csproj", "{ABD16DF3-3B73-4F87-BEB0-D887C3567B09}"
EndProject
Global
	GlobalSection(SolutionConfigurationPlatforms) = preSolution
		Debug|Any CPU = Debug|Any CPU
		Release|Any CPU = Release|Any CPU
	EndGlobalSection
	GlobalSection(ProjectConfigurationPlatforms) = postSolution
		{ABD16DF3-3B73-4F87-BEB0-D887C3567B09}.Debug|Any CPU.ActiveCfg = Debug|Any CPU
		{ABD16DF3-3B73-4F87-BEB0-D887C3567B09}.Debug|Any CPU.Build.0 = Debug|Any CPU
		{ABD16DF3-3B73-4F87-BEB0-D887C3567B09}.Release|Any CPU.ActiveCfg = Release|Any CPU
		{ABD16DF3-3B73-4F87-BEB0-D887C3567B09}.Release|Any CPU.Build.0 = Release|Any CPU
	EndGlobalSection
	GlobalSection(SolutionProperties) = preSolution
		HideSolutionNode = FALSE
	EndGlobalSection
	GlobalSection(ExtensibilityGlobals) = postSolution
		SolutionGuid = {B3B7E839-5482-4417-8EE6-08C5D491A3E8}
	EndGlobalSection
EndGlobal
